
Microsoft Visual Studio Solution File, Format Version 12.00
# Visual Studio Version 17
VisualStudioVersion = 17.7.34221.43
MinimumVisualStudioVersion = 10.0.40219.1
Project("{FAE04EC0-301F-11D3-BF4B-00C04F79EFBC}") = "WebApplication1", "WebApplication1\WebApplication1.csproj", "{B2172721-8B23-4D77-99EC-D349E662F7E9}"
EndProject
Project("{FAE04EC0-301F-11D3-BF4B-00C04F79EFBC}") = "Database", "Database\Database.csproj", "{976FE46E-994D-4AAC-BCAC-2CB72E636ECB}"
EndProject
Project("{FAE04EC0-301F-11D3-BF4B-00C04F79EFBC}") = "WebApplication1_Entity", "WebApplication1_Entity\WebApplication1_Entity.csproj", "{AB66288E-54D9-462F-A514-C3B379B2A93D}"
EndProject
Global
	GlobalSection(SolutionConfigurationPlatforms) = preSolution
		Debug|Any CPU = Debug|Any CPU
		Release|Any CPU = Release|Any CPU
	EndGlobalSection
	GlobalSection(ProjectConfigurationPlatforms) = postSolution
		{B2172721-8B23-4D77-99EC-D349E662F7E9}.Debug|Any CPU.ActiveCfg = Debug|Any CPU
		{B2172721-8B23-4D77-99EC-D349E662F7E9}.Debug|Any CPU.Build.0 = Debug|Any CPU
		{B2172721-8B23-4D77-99EC-D349E662F7E9}.Release|Any CPU.ActiveCfg = Release|Any CPU
		{B2172721-8B23-4D77-99EC-D349E662F7E9}.Release|Any CPU.Build.0 = Release|Any CPU
		{976FE46E-994D-4AAC-BCAC-2CB72E636ECB}.Debug|Any CPU.ActiveCfg = Debug|Any CPU
		{976FE46E-994D-4AAC-BCAC-2CB72E636ECB}.Debug|Any CPU.Build.0 = Debug|Any CPU
		{976FE46E-994D-4AAC-BCAC-2CB72E636ECB}.Release|Any CPU.ActiveCfg = Release|Any CPU
		{976FE46E-994D-4AAC-BCAC-2CB72E636ECB}.Release|Any CPU.Build.0 = Release|Any CPU
		{AB66288E-54D9-462F-A514-C3B379B2A93D}.Debug|Any CPU.ActiveCfg = Debug|Any CPU
		{AB66288E-54D9-462F-A514-C3B379B2A93D}.Debug|Any CPU.Build.0 = Debug|Any CPU
		{AB66288E-54D9-462F-A514-C3B379B2A93D}.Release|Any CPU.ActiveCfg = Release|Any CPU
		{AB66288E-54D9-462F-A514-C3B379B2A93D}.Release|Any CPU.Build.0 = Release|Any CPU
	EndGlobalSection
	GlobalSection(SolutionProperties) = preSolution
		HideSolutionNode = FALSE
	EndGlobalSection
	GlobalSection(ExtensibilityGlobals) = postSolution
		SolutionGuid = {A4CF2E9B-9B3A-4194-BB87-FDD8D69CA182}
	EndGlobalSection
EndGlobal
